{
  "pins" : [
    {
      "identity" : "abseil-cpp-binary",
      "kind" : "remoteSourceControl",
      "location" : "https://github.com/google/abseil-cpp-binary.git",
      "state" : {
        "revision" : "7ce7be095bc3ed3c98b009532fe2d7698c132614",
        "version" : "1.2024011601.0"
      }
    },
    {
      "identity" : "adyen-3ds2-ios",
      "kind" : "remoteSourceControl",
      "location" : "https://github.com/Adyen/adyen-3ds2-ios",
      "state" : {
        "revision" : "47f657579332c9d36cedd97a0d3487af2cd6d27d",
        "version" : "2.3.3"
      }
    },
    {
      "identity" : "adyen-ios",
      "kind" : "remoteSourceControl",
      "location" : "https://github.com/Adyen/adyen-ios",
      "state" : {
        "revision" : "3f4dda50a9b37763b569f93f4e98a80f01cb3c79",
        "version" : "4.11.2"
      }
    },
    {
      "identity" : "adyen-networking-ios",
      "kind" : "remoteSourceControl",
      "location" : "https://github.com/Adyen/adyen-networking-ios",
      "state" : {
        "revision" : "9b10df842e774f5c99a2d76b1d950ec4d5d80898",
        "version" : "1.0.0"
      }
    },
    {
      "identity" : "adyen-wechatpay-ios",
      "kind" : "remoteSourceControl",
      "location" : "https://github.com/Adyen/adyen-wechatpay-ios",
      "state" : {
        "revision" : "aee9b422f02d3ff75533a3338db45f2f9b9010b0",
        "version" : "2.1.0"
      }
    },
    {
      "identity" : "algoliasearch-client-swift",
      "kind" : "remoteSourceControl",
      "location" : "https://github.com/algolia/algoliasearch-client-swift",
      "state" : {
        "revision" : "44f45e11ae53d473bb3cfd7d0359a0cfb9355dc3",
        "version" : "8.19.0"
      }
    },
    {
      "identity" : "analytics-ios",
      "kind" : "remoteSourceControl",
      "location" : "https://github.com/segmentio/analytics-ios",
      "state" : {
        "revision" : "78423aaae2e48e32a07246850f37c76f3d34cb84",
        "version" : "4.1.8"
      }
    },
    {
      "identity" : "animatedgradientview",
      "kind" : "remoteSourceControl",
      "location" : "https://github.com/rwbutler/AnimatedGradientView",
      "state" : {
        "revision" : "c82c3c0e311a7164f0bee4bd52ca525c5b6da4f6",
        "version" : "3.1.1"
      }
    },
    {
      "identity" : "app-check",
      "kind" : "remoteSourceControl",
      "location" : "https://github.com/google/app-check.git",
      "state" : {
        "revision" : "3e464dad87dad2d29bb29a97836789bf0f8f67d2",
        "version" : "10.18.1"
      }
    },
    {
      "identity" : "clevertap-ios-sdk",
      "kind" : "remoteSourceControl",
      "location" : "https://github.com/CleverTap/clevertap-ios-sdk.git",
      "state" : {
        "revision" : "81972555a19bc268aeb27000530941fd5bbf8ef3",
        "version" : "5.0.1"
      }
    },
    {
      "identity" : "clevertap-segment-ios",
      "kind" : "remoteSourceControl",
      "location" : "https://github.com/CleverTap/clevertap-segment-ios.git",
      "state" : {
        "revision" : "00664b001806ca8b9dfd2dc111420192b8ff1e29",
        "version" : "1.2.6"
      }
    },
    {
      "identity" : "firebase-ios-sdk",
      "kind" : "remoteSourceControl",
      "location" : "https://github.com/firebase/firebase-ios-sdk.git",
      "state" : {
        "revision" : "fcf5ced6dae2d43fced2581e673cc3b59bdb8ffa",
        "version" : "10.23.0"
      }
    },
    {
      "identity" : "fxpagecontrol",
      "kind" : "remoteSourceControl",
      "location" : "https://github.com/nicklockwood/FXPageControl",
      "state" : {
        "revision" : "a94633402ba98c52f86c2a70e61ff086dec9de78",
        "version" : "1.6.0"
      }
    },
    {
      "identity" : "googleappmeasurement",
      "kind" : "remoteSourceControl",
      "location" : "https://github.com/google/GoogleAppMeasurement.git",
      "state" : {
        "revision" : "6ec4ca62b00a665fa09b594fab897753a8c635fa",
        "version" : "10.23.0"
      }
    },
    {
      "identity" : "googledatatransport",
      "kind" : "remoteSourceControl",
      "location" : "https://github.com/google/GoogleDataTransport.git",
      "state" : {
        "revision" : "a637d318ae7ae246b02d7305121275bc75ed5565",
        "version" : "9.4.0"
      }
    },
    {
      "identity" : "googleutilities",
      "kind" : "remoteSourceControl",
      "location" : "https://github.com/google/GoogleUtilities.git",
      "state" : {
        "revision" : "26c898aed8bed13b8a63057ee26500abbbcb8d55",
        "version" : "7.13.1"
      }
    },
    {
      "identity" : "growingtextview",
      "kind" : "remoteSourceControl",
      "location" : "https://github.com/KennethTsang/GrowingTextView",
      "state" : {
        "revision" : "0cda2caf03bf6cb2ec6dc006873c3c865933be09",
        "version" : "0.7.2"
      }
    },
    {
      "identity" : "grpc-binary",
      "kind" : "remoteSourceControl",
      "location" : "https://github.com/google/grpc-binary.git",
      "state" : {
        "revision" : "67043f6389d0e28b38fa02d1c6952afeb04d807f",
        "version" : "1.62.1"
      }
    },
    {
      "identity" : "gtm-session-fetcher",
      "kind" : "remoteSourceControl",
      "location" : "https://github.com/google/gtm-session-fetcher.git",
      "state" : {
        "revision" : "9534039303015a84837090d20fa21cae6e5eadb6",
        "version" : "3.3.2"
      }
    },
    {
      "identity" : "instantsearch-ios",
      "kind" : "remoteSourceControl",
      "location" : "https://github.com/algolia/instantsearch-ios",
      "state" : {
        "revision" : "f6cdd6da2d7def69d23fec4e73e6a2267a46e0f1",
        "version" : "7.26.1"
      }
    },
    {
      "identity" : "instantsearch-telemetry-native",
      "kind" : "remoteSourceControl",
      "location" : "https://github.com/algolia/instantsearch-telemetry-native",
      "state" : {
        "revision" : "d9861ceb2fe25899a31672fb7c648ae8036d3221",
        "version" : "0.1.3"
      }
    },
    {
      "identity" : "interop-ios-for-google-sdks",
      "kind" : "remoteSourceControl",
      "location" : "https://github.com/google/interop-ios-for-google-sdks.git",
      "state" : {
        "revision" : "2d12673670417654f08f5f90fdd62926dc3a2648",
        "version" : "100.0.0"
      }
    },
    {
      "identity" : "ios-maps-sdk",
      "kind" : "remoteSourceControl",
      "location" : "https://github.com/googlemaps/ios-maps-sdk",
      "state" : {
        "revision" : "bd392d7d844b49ec6795871a3c25edd01ab839f2",
        "version" : "8.4.0"
      }
    },
    {
      "identity" : "ios-places-sdk",
      "kind" : "remoteSourceControl",
      "location" : "https://github.com/googlemaps/ios-places-sdk",
      "state" : {
        "revision" : "db961cdf29b116c497baf87c1ef8188082089fb7",
        "version" : "8.3.0"
      }
    },
    {
      "identity" : "iqkeyboardmanager",
      "kind" : "remoteSourceControl",
      "location" : "https://github.com/hackiftekhar/IQKeyboardManager",
      "state" : {
        "revision" : "c00b1ae9fa1ad8af4465bb6ca901f6943fc98eba",
        "version" : "6.5.16"
      }
    },
    {
      "identity" : "leveldb",
      "kind" : "remoteSourceControl",
      "location" : "https://github.com/firebase/leveldb.git",
      "state" : {
        "revision" : "43aaef65e0c665daadf848761d560e446d350d3d",
        "version" : "1.22.4"
      }
    },
    {
      "identity" : "libphonenumber-ios",
      "kind" : "remoteSourceControl",
      "location" : "https://github.com/iziz/libPhoneNumber-iOS",
      "state" : {
        "revision" : "6dcd392724f9514f589cce3671ef30457ea68c41",
        "version" : "0.9.16"
      }
    },
    {
      "identity" : "lottie-ios",
      "kind" : "remoteSourceControl",
      "location" : "https://github.com/airbnb/lottie-ios",
      "state" : {
        "revision" : "b4bd0604ded9574807f41b4004b57dd1226a30a4",
        "version" : "3.5.0"
      }
    },
    {
      "identity" : "mixpanel-swift",
      "kind" : "remoteSourceControl",
      "location" : "https://github.com/mixpanel/mixpanel-swift",
      "state" : {
        "revision" : "e1339901ad761c55004f62a596d3c0612b9dc6d5",
        "version" : "4.2.2"
      }
    },
    {
      "identity" : "mspeekcollectionviewdelegateimplementation",
      "kind" : "remoteSourceControl",
      "location" : "https://github.com/MaherKSantina/MSPeekCollectionViewDelegateImplementation",
      "state" : {
        "revision" : "5bc891a2ff11be914fee9b58de7bfeabf0a6fff0",
        "version" : "3.2.0"
      }
    },
    {
      "identity" : "nanopb",
      "kind" : "remoteSourceControl",
      "location" : "https://github.com/firebase/nanopb.git",
      "state" : {
        "revision" : "b7e1104502eca3a213b46303391ca4d3bc8ddec1",
        "version" : "2.30910.0"
      }
    },
    {
      "identity" : "promises",
      "kind" : "remoteSourceControl",
      "location" : "https://github.com/google/promises.git",
      "state" : {
        "revision" : "540318ecedd63d883069ae7f1ed811a2df00b6ac",
        "version" : "2.4.0"
      }
    },
    {
      "identity" : "rxdatasources",
      "kind" : "remoteSourceControl",
      "location" : "https://github.com/RxSwiftCommunity/RxDataSources",
      "state" : {
        "revision" : "a18cee01c9ee55f04d0c7eb15c77a96c3648c88e",
        "version" : "4.0.1"
      }
    },
    {
      "identity" : "rxswift",
      "kind" : "remoteSourceControl",
      "location" : "https://github.com/ReactiveX/RxSwift.git",
      "state" : {
        "revision" : "cec68169a048a079f461ba203fe85636548d7a89",
        "version" : "5.1.3"
      }
    },
    {
      "identity" : "sdwebimage",
      "kind" : "remoteSourceControl",
      "location" : "https://github.com/SDWebImage/SDWebImage.git",
      "state" : {
        "revision" : "73b9397cfbd902f606572964055464903b1d84c6",
        "version" : "5.19.0"
      }
    },
    {
      "identity" : "sendbird-chat-sdk-ios",
      "kind" : "remoteSourceControl",
      "location" : "https://github.com/sendbird/sendbird-chat-sdk-ios",
      "state" : {
        "revision" : "129b5325cce7c1469190766c033075a5f05894e3",
        "version" : "4.17.0"
      }
    },
    {
      "identity" : "sendbird-desk-ios-framework",
      "kind" : "remoteSourceControl",
      "location" : "https://github.com/sendbird/SendBird-Desk-iOS-Framework",
      "state" : {
        "revision" : "7766b80f70744f1914df1b4c357b24386e40d839",
        "version" : "1.1.4"
      }
    },
    {
      "identity" : "sendbird-uikit-ios-spm",
      "kind" : "remoteSourceControl",
      "location" : "https://github.com/sendbird/sendbird-uikit-ios-spm.git",
      "state" : {
        "revision" : "c0c1af77ffc223701bf26d8c519c0ba206b648b3",
        "version" : "3.18.2"
      }
    },
    {
      "identity" : "skyfloatinglabeltextfield",
      "kind" : "remoteSourceControl",
      "location" : "https://github.com/Skyscanner/SkyFloatingLabelTextField",
      "state" : {
        "revision" : "82c0bbbc4e1368901b171292c220690273460f4b",
        "version" : "3.8.0"
      }
    },
    {
      "identity" : "storyly-ios",
      "kind" : "remoteSourceControl",
      "location" : "https://github.com/Netvent/storyly-ios",
      "state" : {
        "revision" : "84052e53f3d9602a184a57dfb50d3ca55cc14924",
        "version" : "2.16.1"
      }
    },
    {
      "identity" : "swift-log",
      "kind" : "remoteSourceControl",
      "location" : "https://github.com/apple/swift-log.git",
      "state" : {
        "revision" : "e97a6fcb1ab07462881ac165fdbb37f067e205d5",
        "version" : "1.5.4"
      }
    },
    {
      "identity" : "swift-protobuf",
      "kind" : "remoteSourceControl",
      "location" : "https://github.com/apple/swift-protobuf.git",
      "state" : {
        "revision" : "65e8f29b2d63c4e38e736b25c27b83e012159be8",
        "version" : "1.25.2"
      }
    },
    {
      "identity" : "swiftdate",
      "kind" : "remoteSourceControl",
      "location" : "https://github.com/malcommac/SwiftDate",
      "state" : {
        "revision" : "6190d0cefff3013e77ed567e6b074f324e5c5bf5",
        "version" : "6.3.1"
      }
    },
    {
      "identity" : "swiftmessages",
      "kind" : "remoteSourceControl",
      "location" : "https://github.com/SwiftKickMobile/SwiftMessages",
      "state" : {
        "revision" : "62e12e138fc3eedf88c7553dd5d98712aa119f40",
        "version" : "9.0.9"
      }
    },
    {
      "identity" : "swiftspinner",
      "kind" : "remoteSourceControl",
      "location" : "https://github.com/icanzilb/SwiftSpinner",
      "state" : {
        "revision" : "f6cfeb6f1780571bdef8bdaf924ccdb573d23e33",
        "version" : "2.2.0"
      }
    }
  ],
  "version" : 2
}
