PODS:
  - Adyen (4.7.3):
    - Adyen/Actions (= 4.7.3)
    - Adyen/Card (= 4.7.3)
    - Adyen/Components (= 4.7.3)
    - Adyen/Core (= 4.7.3)
    - Adyen/DropIn (= 4.7.3)
    - Adyen/Encryption (= 4.7.3)
  - Adyen/Actions (4.7.3):
    - Adyen/Core
    - Adyen3DS2 (= 2.2.6)
  - Adyen/Card (4.7.3):
    - Adyen/Core
    - Adyen/Encryption
  - Adyen/Components (4.7.3):
    - Adyen/Core
    - Adyen/Encryption
  - Adyen/Core (4.7.3):
    - AdyenNetworking (= 1.0.0)
  - Adyen/DropIn (4.7.3):
    - Adyen/Actions
    - Adyen/Card
    - Adyen/Components
    - Adyen/Core
    - Adyen/Encryption
  - Adyen/Encryption (4.7.3)
  - Adyen3DS2 (2.2.6)
  - AdyenNetworking (1.0.0)
  - AlgoliaSearchClient (8.14.0):
    - Logging
  - AnimatedGradientView (3.1.0)
  - BadgeControl (1.2.1)
  - BetterSegmentedControl (2.0.1)
  - CCValidator (1.2.0)
  - CHDropDownTextField (1.0.0)
  - CleverTap-iOS-SDK (4.0.1):
    - SDWebImage (~> 5.1)
  - DisplaySwitcher (2.0)
  - DoneCancelNumberPadToolbar (0.6.0)
  - el-grocer-shopper-sdk-iOS (0.1.14):
    - Adyen (~> 4.7.3)
    - AlgoliaSearchClient (~> 8.0)
    - AnimatedGradientView (~> 3.1.0)
    - BadgeControl (~> 1.2.1)
    - BetterSegmentedControl (~> 2.0.1)
    - CCValidator (~> 1.2.0)
    - CHDropDownTextField (~> 1.0.0)
    - CleverTap-iOS-SDK (~> 4.0.1)
    - DisplaySwitcher (~> 2.0)
    - DoneCancelNumberPadToolbar (~> 0.6)
    - FBSDKCoreKit (~> 12.3.1)
    - Firebase/Auth (~> 8.11.0)
    - Firebase/Core (~> 8.11.0)
    - Firebase/Crashlytics (~> 8.11.0)
    - Firebase/DynamicLinks (~> 8.11.0)
    - Firebase/Messaging (~> 8.11.0)
    - Firebase/Performance (~> 8.11.0)
    - FloatRatingView (~> 4.0)
    - FXPageControl (~> 1.5)
    - GoogleMaps (~> 4.2.0)
    - GooglePlaces (~> 4.2.0)
    - GrowingTextView (~> 0.7.2)
    - HMSegmentedControl (~> 1.5.6)
    - InstantSearch/Insights (~> 7.17.0)
    - IQKeyboardManagerSwift (~> 6.5.9)
    - JDFTooltips (~> 1.1)
    - KLCPopup (~> 1.0)
    - libPhoneNumber-iOS (~> 0.9.15)
    - MaterialComponents/ActivityIndicator (~> 124.2.0)
    - MaterialComponents/BottomSheet (~> 124.2.0)
    - MSPeekCollectionViewDelegateImplementation (~> 3.2.0)
    - NBBottomSheet (~> 1.2.0)
    - PinCodeTextField (~> 0.1.0)
    - RxCocoa (~> 5.1.1)
    - RxSwift (~> 5.1.1)
    - SDWebImage (~> 5.12.3)
    - SendBirdDesk (~> 1.0.17)
    - SendBirdUIKit (~> 2.1.16)
    - Shimmer (~> 1.0)
    - SkyFloatingLabelTextField (~> 3.0)
    - Storyly (~> 1.19.3)
    - STPopup (~> 1.8.7)
    - SwiftDate (~> 6.3.1)
    - SwiftMessages (~> 9.0.6)
  - FBAEMKit (12.3.2):
    - FBSDKCoreKit_Basics (= 12.3.2)
  - FBSDKCoreKit (12.3.2):
    - FBAEMKit (= 12.3.2)
    - FBSDKCoreKit_Basics (= 12.3.2)
  - FBSDKCoreKit_Basics (12.3.2)
  - FBSnapshotTestCase (2.1.4):
    - FBSnapshotTestCase/SwiftSupport (= 2.1.4)
  - FBSnapshotTestCase/Core (2.1.4)
  - FBSnapshotTestCase/SwiftSupport (2.1.4):
    - FBSnapshotTestCase/Core
  - Firebase/Auth (8.11.0):
    - Firebase/CoreOnly
    - FirebaseAuth (~> 8.11.0)
  - Firebase/Core (8.11.0):
    - Firebase/CoreOnly
    - FirebaseAnalytics (~> 8.11.0)
  - Firebase/CoreOnly (8.11.0):
    - FirebaseCore (= 8.11.0)
  - Firebase/Crashlytics (8.11.0):
    - Firebase/CoreOnly
    - FirebaseCrashlytics (~> 8.11.0)
  - Firebase/DynamicLinks (8.11.0):
    - Firebase/CoreOnly
    - FirebaseDynamicLinks (~> 8.11.0)
  - Firebase/Messaging (8.11.0):
    - Firebase/CoreOnly
    - FirebaseMessaging (~> 8.11.0)
  - Firebase/Performance (8.11.0):
    - Firebase/CoreOnly
    - FirebasePerformance (~> 8.11.0)
  - FirebaseABTesting (8.15.0):
    - FirebaseCore (~> 8.0)
  - FirebaseAnalytics (8.11.0):
    - FirebaseAnalytics/AdIdSupport (= 8.11.0)
    - FirebaseCore (~> 8.0)
    - FirebaseInstallations (~> 8.0)
    - GoogleUtilities/AppDelegateSwizzler (~> 7.7)
    - GoogleUtilities/MethodSwizzler (~> 7.7)
    - GoogleUtilities/Network (~> 7.7)
    - "GoogleUtilities/NSData+zlib (~> 7.7)"
    - nanopb (~> 2.30908.0)
  - FirebaseAnalytics/AdIdSupport (8.11.0):
    - FirebaseCore (~> 8.0)
    - FirebaseInstallations (~> 8.0)
    - GoogleAppMeasurement (= 8.11.0)
    - GoogleUtilities/AppDelegateSwizzler (~> 7.7)
    - GoogleUtilities/MethodSwizzler (~> 7.7)
    - GoogleUtilities/Network (~> 7.7)
    - "GoogleUtilities/NSData+zlib (~> 7.7)"
    - nanopb (~> 2.30908.0)
  - FirebaseAuth (8.11.0):
    - FirebaseCore (~> 8.0)
    - GoogleUtilities/AppDelegateSwizzler (~> 7.7)
    - GoogleUtilities/Environment (~> 7.7)
    - GTMSessionFetcher/Core (~> 1.5)
  - FirebaseCore (8.11.0):
    - FirebaseCoreDiagnostics (~> 8.0)
    - GoogleUtilities/Environment (~> 7.7)
    - GoogleUtilities/Logger (~> 7.7)
  - FirebaseCoreDiagnostics (8.15.0):
    - GoogleDataTransport (~> 9.1)
    - GoogleUtilities/Environment (~> 7.7)
    - GoogleUtilities/Logger (~> 7.7)
    - nanopb (~> 2.30908.0)
  - FirebaseCrashlytics (8.11.0):
    - FirebaseCore (~> 8.0)
    - FirebaseInstallations (~> 8.0)
    - GoogleDataTransport (~> 9.1)
    - GoogleUtilities/Environment (~> 7.7)
    - nanopb (~> 2.30908.0)
    - PromisesObjC (< 3.0, >= 1.2)
  - FirebaseDynamicLinks (8.11.0):
    - FirebaseCore (~> 8.0)
  - FirebaseInstallations (8.15.0):
    - FirebaseCore (~> 8.0)
    - GoogleUtilities/Environment (~> 7.7)
    - GoogleUtilities/UserDefaults (~> 7.7)
    - PromisesObjC (< 3.0, >= 1.2)
  - FirebaseMessaging (8.11.0):
    - FirebaseCore (~> 8.0)
    - FirebaseInstallations (~> 8.0)
    - GoogleDataTransport (~> 9.1)
    - GoogleUtilities/AppDelegateSwizzler (~> 7.7)
    - GoogleUtilities/Environment (~> 7.7)
    - GoogleUtilities/Reachability (~> 7.7)
    - GoogleUtilities/UserDefaults (~> 7.7)
    - nanopb (~> 2.30908.0)
  - FirebasePerformance (8.11.0):
    - FirebaseCore (~> 8.0)
    - FirebaseInstallations (~> 8.0)
    - FirebaseRemoteConfig (~> 8.0)
    - GoogleDataTransport (~> 9.1)
    - GoogleUtilities/Environment (~> 7.7)
    - GoogleUtilities/ISASwizzler (~> 7.7)
    - GoogleUtilities/MethodSwizzler (~> 7.7)
    - nanopb (~> 2.30908.0)
  - FirebaseRemoteConfig (8.15.0):
    - FirebaseABTesting (~> 8.0)
    - FirebaseCore (~> 8.0)
    - FirebaseInstallations (~> 8.0)
    - GoogleUtilities/Environment (~> 7.7)
    - "GoogleUtilities/NSData+zlib (~> 7.7)"
  - FloatRatingView (4.0)
  - FXPageControl (1.5)
  - GoogleAppMeasurement (8.11.0):
    - GoogleAppMeasurement/AdIdSupport (= 8.11.0)
    - GoogleUtilities/AppDelegateSwizzler (~> 7.7)
    - GoogleUtilities/MethodSwizzler (~> 7.7)
    - GoogleUtilities/Network (~> 7.7)
    - "GoogleUtilities/NSData+zlib (~> 7.7)"
    - nanopb (~> 2.30908.0)
  - GoogleAppMeasurement/AdIdSupport (8.11.0):
    - GoogleAppMeasurement/WithoutAdIdSupport (= 8.11.0)
    - GoogleUtilities/AppDelegateSwizzler (~> 7.7)
    - GoogleUtilities/MethodSwizzler (~> 7.7)
    - GoogleUtilities/Network (~> 7.7)
    - "GoogleUtilities/NSData+zlib (~> 7.7)"
    - nanopb (~> 2.30908.0)
  - GoogleAppMeasurement/WithoutAdIdSupport (8.11.0):
    - GoogleUtilities/AppDelegateSwizzler (~> 7.7)
    - GoogleUtilities/MethodSwizzler (~> 7.7)
    - GoogleUtilities/Network (~> 7.7)
    - "GoogleUtilities/NSData+zlib (~> 7.7)"
    - nanopb (~> 2.30908.0)
  - GoogleDataTransport (9.1.4):
    - GoogleUtilities/Environment (~> 7.7)
    - nanopb (< 2.30910.0, >= 2.30908.0)
    - PromisesObjC (< 3.0, >= 1.2)
  - GoogleMaps (4.2.0):
    - GoogleMaps/Maps (= 4.2.0)
  - GoogleMaps/Base (4.2.0)
  - GoogleMaps/Maps (4.2.0):
    - GoogleMaps/Base
  - GooglePlaces (4.2.0):
    - GoogleMaps/Base (= 4.2.0)
  - GoogleUtilities/AppDelegateSwizzler (7.7.0):
    - GoogleUtilities/Environment
    - GoogleUtilities/Logger
    - GoogleUtilities/Network
  - GoogleUtilities/Environment (7.7.0):
    - PromisesObjC (< 3.0, >= 1.2)
  - GoogleUtilities/ISASwizzler (7.7.0)
  - GoogleUtilities/Logger (7.7.0):
    - GoogleUtilities/Environment
  - GoogleUtilities/MethodSwizzler (7.7.0):
    - GoogleUtilities/Logger
  - GoogleUtilities/Network (7.7.0):
    - GoogleUtilities/Logger
    - "GoogleUtilities/NSData+zlib"
    - GoogleUtilities/Reachability
  - "GoogleUtilities/NSData+zlib (7.7.0)"
  - GoogleUtilities/Reachability (7.7.0):
    - GoogleUtilities/Logger
  - GoogleUtilities/UserDefaults (7.7.0):
    - GoogleUtilities/Logger
  - GrowingTextView (0.7.2)
  - GTMSessionFetcher/Core (1.7.2)
  - HMSegmentedControl (1.5.6)
  - InstantSearch/Insights (7.17.0):
    - AlgoliaSearchClient (~> 8.13)
  - IQKeyboardManagerSwift (6.5.10)
  - JDFTooltips (1.3)
  - KLCPopup (1.0)
  - libPhoneNumber-iOS (0.9.15)
  - Logging (1.4.0)
  - MaterialComponents/ActivityIndicator (124.2.0):
    - MaterialComponents/Palettes
    - MaterialComponents/private/Application
    - MDFInternationalization
    - MotionAnimator (~> 4.0)
  - MaterialComponents/Availability (124.2.0)
  - MaterialComponents/BottomSheet (124.2.0):
    - MaterialComponents/Elevation
    - MaterialComponents/private/KeyboardWatcher
    - MaterialComponents/private/Math
    - MaterialComponents/ShadowElevations
    - MaterialComponents/ShadowLayer
    - MaterialComponents/ShapeLibrary
    - MaterialComponents/Shapes
  - MaterialComponents/Elevation (124.2.0):
    - MaterialComponents/Availability
    - MaterialComponents/private/Color
    - MaterialComponents/private/Math
  - MaterialComponents/Palettes (124.2.0)
  - MaterialComponents/private/Application (124.2.0)
  - MaterialComponents/private/Color (124.2.0):
    - MaterialComponents/Availability
  - MaterialComponents/private/KeyboardWatcher (124.2.0):
    - MaterialComponents/private/Application
  - MaterialComponents/private/Math (124.2.0)
  - MaterialComponents/ShadowElevations (124.2.0)
  - MaterialComponents/ShadowLayer (124.2.0):
    - MaterialComponents/ShadowElevations
  - MaterialComponents/ShapeLibrary (124.2.0):
    - MaterialComponents/private/Math
    - MaterialComponents/Shapes
  - MaterialComponents/Shapes (124.2.0):
    - MaterialComponents/private/Color
    - MaterialComponents/private/Math
    - MaterialComponents/ShadowLayer
  - MDFInternationalization (3.0.0)
  - MotionAnimator (4.0.1):
    - MotionInterchange (~> 3.0)
  - MotionInterchange (3.0.0)
  - MSPeekCollectionViewDelegateImplementation (3.2.0)
  - nanopb (2.30908.0):
    - nanopb/decode (= 2.30908.0)
    - nanopb/encode (= 2.30908.0)
  - nanopb/decode (2.30908.0)
  - nanopb/encode (2.30908.0)
  - NBBottomSheet (1.2.0)
  - PinCodeTextField (0.1.0)
  - PromisesObjC (2.1.0)
  - RxCocoa (5.1.3):
    - RxRelay (~> 5)
    - RxSwift (~> 5)
  - RxRelay (5.1.3):
    - RxSwift (~> 5)
  - RxSwift (5.1.3)
  - SDWebImage (5.12.5):
    - SDWebImage/Core (= 5.12.5)
  - SDWebImage/Core (5.12.5)
  - SendBirdDesk (1.0.17):
    - SendBirdSDK (~> 3.0.221)
  - SendBirdSDK (3.0.238)
  - SendBirdUIKit (2.1.16):
    - SendBirdSDK (~> 3.0.226)
  - Shimmer (1.0.2)
  - SkyFloatingLabelTextField (3.8.0)
  - Storyly (1.19.4)
  - STPopup (1.8.7)
  - SwiftDate (6.3.1)
  - SwiftMessages (9.0.6):
    - SwiftMessages/App (= 9.0.6)
  - SwiftMessages/App (9.0.6)

DEPENDENCIES:
  - el-grocer-shopper-sdk-iOS (from `../`)
  - FBSnapshotTestCase (~> 2.1.4)

SPEC REPOS:
  trunk:
    - Adyen
    - Adyen3DS2
    - AdyenNetworking
    - AlgoliaSearchClient
    - AnimatedGradientView
    - BadgeControl
    - BetterSegmentedControl
    - CCValidator
    - CHDropDownTextField
    - CleverTap-iOS-SDK
    - DisplaySwitcher
    - DoneCancelNumberPadToolbar
    - FBAEMKit
    - FBSDKCoreKit
    - FBSDKCoreKit_Basics
    - FBSnapshotTestCase
    - Firebase
    - FirebaseABTesting
    - FirebaseAnalytics
    - FirebaseAuth
    - FirebaseCore
    - FirebaseCoreDiagnostics
    - FirebaseCrashlytics
    - FirebaseDynamicLinks
    - FirebaseInstallations
    - FirebaseMessaging
    - FirebasePerformance
    - FirebaseRemoteConfig
    - FloatRatingView
    - FXPageControl
    - GoogleAppMeasurement
    - GoogleDataTransport
    - GoogleMaps
    - GooglePlaces
    - GoogleUtilities
    - GrowingTextView
    - GTMSessionFetcher
    - HMSegmentedControl
    - InstantSearch
    - IQKeyboardManagerSwift
    - JDFTooltips
    - KLCPopup
    - libPhoneNumber-iOS
    - Logging
    - MaterialComponents
    - MDFInternationalization
    - MotionAnimator
    - MotionInterchange
    - MSPeekCollectionViewDelegateImplementation
    - nanopb
    - NBBottomSheet
    - PinCodeTextField
    - PromisesObjC
    - RxCocoa
    - RxRelay
    - RxSwift
    - SDWebImage
    - SendBirdDesk
    - SendBirdSDK
    - SendBirdUIKit
    - Shimmer
    - SkyFloatingLabelTextField
    - Storyly
    - STPopup
    - SwiftDate
    - SwiftMessages

EXTERNAL SOURCES:
  el-grocer-shopper-sdk-iOS:
    :path: "../"

SPEC CHECKSUMS:
  Adyen: 0c6a07071c872876641790f3a8bc77a2c735506a
  Adyen3DS2: e683a519946e99a78adec8d89459e6eec53b0a4f
  AdyenNetworking: 14567bd00c00ba2e2580a904708c7ba5f010b1f9
  AlgoliaSearchClient: aef6b9a39ead22178c4b96a2f92814c280e7d769
  AnimatedGradientView: f249740238c6b491a10d505ab06bb98d897ca3a7
  BadgeControl: 67036e7f586930bba15084dbf89ebce7aa2f2bc2
  BetterSegmentedControl: 09607b27861d49cbce48b7673b74f9150a3d371a
  CCValidator: 19c090b536c0152863795aa291bf7be3ffccf457
  CHDropDownTextField: d8a2843acbdd75b5b8d26b27dca9e07c2b1ae5e1
  CleverTap-iOS-SDK: 8cec56be29a19ac4e96dcb0a465aedeb65635f1a
  DisplaySwitcher: 1db23ee6a45fbebac733917cc002204adad37d28
  DoneCancelNumberPadToolbar: 5a0d24aa43712e3a24076a3818283a3082c7b6ed
  el-grocer-shopper-sdk-iOS: 23a8e49678b387d562a1024b0442bb4229dc9c15
  FBAEMKit: 955ca52eba8219c20f90774e8c6ff8bc7b3192a3
  FBSDKCoreKit: 678f64eda3f0ff25c189c2ebbfe87b1d96a85a6d
  FBSDKCoreKit_Basics: 6bee7c1f0932432901781203fa5e587ec5099148
  FBSnapshotTestCase: 094f9f314decbabe373b87cc339bea235a63e07a
  Firebase: 44dd9724c84df18b486639e874f31436eaa9a20c
  FirebaseABTesting: 10cbce8db9985ae2e3847ea44e9947dd18f94e10
  FirebaseAnalytics: 4e4b13031034e6561ed3bd1d47b6fdabbd6487c6
  FirebaseAuth: d96d73aba85d192d7a7aa0b86dd6d7f8ec170b4b
  FirebaseCore: 2f4f85b453cc8fea4bb2b37e370007d2bcafe3f0
  FirebaseCoreDiagnostics: 92e07a649aeb66352b319d43bdd2ee3942af84cb
  FirebaseCrashlytics: 62268addefae79601057818156e8bc69d71fee41
  FirebaseDynamicLinks: f506c83eb7eba0f9861f84cd6b65c38b3bd5ff6f
  FirebaseInstallations: 40bd9054049b2eae9a2c38ef1c3dd213df3605cd
  FirebaseMessaging: 02e248e8997f71fa8cc9d78e9d49ec1a701ba14a
  FirebasePerformance: c40a3bfe5ed9e91f2ab4851d1aa8e0f2f3ca19cf
  FirebaseRemoteConfig: 2d6e2cfdb49af79535c8af8a80a4a5009038ec2b
  FloatRatingView: bb6bdddfbeec51b1d387b4bd50abc27b4dfccd48
  FXPageControl: 97620412515365d10a3282ec0660f49f6401a8f0
  GoogleAppMeasurement: aa3cb422fab2b05d2efac543a5720d1a85b9dea5
  GoogleDataTransport: 5fffe35792f8b96ec8d6775f5eccd83c998d5a3b
  GoogleMaps: eb03e327edfd70b06de1e6e321653f73712df7ad
  GooglePlaces: 196a9dd88580dcb3f3df46f415057703d0d2a310
  GoogleUtilities: e0913149f6b0625b553d70dae12b49fc62914fd1
  GrowingTextView: 876bf42005b5e4a4fd740597db12caaf41f0fe6c
  GTMSessionFetcher: 5595ec75acf5be50814f81e9189490412bad82ba
  HMSegmentedControl: 34c1f54d822d8308e7b24f5d901ec674dfa31352
  InstantSearch: 0dc2bd57df9af6b123d4c4c019d94f3f6f841d52
  IQKeyboardManagerSwift: 52962c76ab33532f15ad9f3ff4e5715eda5335bb
  JDFTooltips: 24d6077730d28b8374c2ef03587044ecf9db19c7
  KLCPopup: 76c5a19227977f1e53d85236f9ef42257c168d98
  libPhoneNumber-iOS: 0a32a9525cf8744fe02c5206eb30d571e38f7d75
  Logging: beeb016c9c80cf77042d62e83495816847ef108b
  MaterialComponents: 1a9b2d9d45b1601ae544de85089adc4c464306d4
  MDFInternationalization: d697c55307816222a55685c4ccb1044ffb030c12
  MotionAnimator: 5f99d7c9592928c0f28a66283eda9c3b657dc480
  MotionInterchange: 13adae439b377e31d1674cc165539d50e1d1566a
  MSPeekCollectionViewDelegateImplementation: be35a217bd302976a9e4476151be992c1f150127
  nanopb: a0ba3315591a9ae0a16a309ee504766e90db0c96
  NBBottomSheet: aa7a52809b2d7b193f733247b8ce391a59904372
  PinCodeTextField: a3c39be58bde3ed1d6888d0fb1d88b0a4a2277cc
  PromisesObjC: 99b6f43f9e1044bd87a95a60beff28c2c44ddb72
  RxCocoa: e2ed092d5432e4296aa818021d27de4090ac0354
  RxRelay: 5a18c2eb2d68326ebaf0112f80d837ae41b92b97
  RxSwift: 915abbdfb62214aa89ccd0b194d44fb478019b27
  SDWebImage: 0905f1b7760fc8ac4198cae0036600d67478751e
  SendBirdDesk: 9edef670a160575d7da9174318e18aefa06a8b64
  SendBirdSDK: 4b1f346ed2f76c5f53baa199d0fcfe2eb686f608
  SendBirdUIKit: 4c5def2bbf2ce09117b3b88c7c60d8ac48dd6fa6
  Shimmer: c5374be1c2b0c9e292fb05b339a513cf291cac86
  SkyFloatingLabelTextField: 5a338412114808e961fe2d14ea2c5452c8b6e4aa
  Storyly: 548318aac753a7be194d170fb537b3a27068c7b8
  STPopup: a9045557bc48a0df51fbb7bf0544447c5fe84d34
  SwiftDate: 72d28954e8e1c6c1c0f917ccc8005e4f83c7d4b2
  SwiftMessages: f0c7ef4705a570ad6c5e208b611f4333e660ed92

PODFILE CHECKSUM: dae70baa733b477d04f1a33b7ec0cc62d2974792

COCOAPODS: 1.11.3
